
Microsoft Visual Studio Solution File, Format Version 12.00
# Visual Studio Version 16
VisualStudioVersion = 16.0.29609.76
MinimumVisualStudioVersion = 10.0.40219.1
Project("{FAE04EC0-301F-11D3-BF4B-00C04F79EFBC}") = "TrainingBinus2", "TrainingBinus2.csproj", "{43043045-B777-489D-AC0F-BC3E451CCCD6}"
EndProject
Project("{FAE04EC0-301F-11D3-BF4B-00C04F79EFBC}") = "TestSendingEvent", "..\TestSendingEvent\TestSendingEvent.csproj", "{12B87DC1-06FB-48E2-9B29-9C1EB652E7C4}"
EndProject
Global
	GlobalSection(SolutionConfigurationPlatforms) = preSolution
		Debug|Any CPU = Debug|Any CPU
		Release|Any CPU = Release|Any CPU
	EndGlobalSection
	GlobalSection(ProjectConfigurationPlatforms) = postSolution
		{43043045-B777-489D-AC0F-BC3E451CCCD6}.Debug|Any CPU.ActiveCfg = Debug|Any CPU
		{43043045-B777-489D-AC0F-BC3E451CCCD6}.Debug|Any CPU.Build.0 = Debug|Any CPU
		{43043045-B777-489D-AC0F-BC3E451CCCD6}.Release|Any CPU.ActiveCfg = Release|Any CPU
		{43043045-B777-489D-AC0F-BC3E451CCCD6}.Release|Any CPU.Build.0 = Release|Any CPU
		{12B87DC1-06FB-48E2-9B29-9C1EB652E7C4}.Debug|Any CPU.ActiveCfg = Debug|Any CPU
		{12B87DC1-06FB-48E2-9B29-9C1EB652E7C4}.Debug|Any CPU.Build.0 = Debug|Any CPU
		{12B87DC1-06FB-48E2-9B29-9C1EB652E7C4}.Release|Any CPU.ActiveCfg = Release|Any CPU
		{12B87DC1-06FB-48E2-9B29-9C1EB652E7C4}.Release|Any CPU.Build.0 = Release|Any CPU
	EndGlobalSection
	GlobalSection(SolutionProperties) = preSolution
		HideSolutionNode = FALSE
	EndGlobalSection
	GlobalSection(ExtensibilityGlobals) = postSolution
		SolutionGuid = {917663D4-C057-4F13-B89C-17D32B068C91}
	EndGlobalSection
EndGlobal
